// !$*UTF8*$!
{
	archiveVersion = 1;
	classes = {
	};
	objectVersion = 46;
	objects = {

/* Begin PBXBuildFile section */
		C47421691B0CB0E600C6E63A /* AppDelegate.swift in Sources */ = {isa = PBXBuildFile; fileRef = C47421681B0CB0E600C6E63A /* AppDelegate.swift */; };
		C474216B1B0CB0E600C6E63A /* ViewController.swift in Sources */ = {isa = PBXBuildFile; fileRef = C474216A1B0CB0E600C6E63A /* ViewController.swift */; };
		C474216E1B0CB0E600C6E63A /* Main.storyboard in Resources */ = {isa = PBXBuildFile; fileRef = C474216C1B0CB0E600C6E63A /* Main.storyboard */; };
		C47421701B0CB0E600C6E63A /* Images.xcassets in Resources */ = {isa = PBXBuildFile; fileRef = C474216F1B0CB0E600C6E63A /* Images.xcassets */; };
		C47421731B0CB0E600C6E63A /* LaunchScreen.xib in Resources */ = {isa = PBXBuildFile; fileRef = C47421711B0CB0E600C6E63A /* LaunchScreen.xib */; };
		C474217F1B0CB0E600C6E63A /* Child_SafetyTests.swift in Sources */ = {isa = PBXBuildFile; fileRef = C474217E1B0CB0E600C6E63A /* Child_SafetyTests.swift */; };
/* End PBXBuildFile section */

/* Begin PBXContainerItemProxy section */
		C47421791B0CB0E600C6E63A /* PBXContainerItemProxy */ = {
			isa = PBXContainerItemProxy;
			containerPortal = C474215B1B0CB0E600C6E63A /* Project object */;
			proxyType = 1;
			remoteGlobalIDString = C47421621B0CB0E600C6E63A;
			remoteInfo = "Child Safety";
		};
/* End PBXContainerItemProxy section */

/* Begin PBXFileReference section */
		C47421631B0CB0E600C6E63A /* Child Safety.app */ = {isa = PBXFileReference; explicitFileType = wrapper.application; includeInIndex = 0; path = "Child Safety.app"; sourceTree = BUILT_PRODUCTS_DIR; };
		C47421671B0CB0E600C6E63A /* Info.plist */ = {isa = PBXFileReference; lastKnownFileType = text.plist.xml; path = Info.plist; sourceTree = "<group>"; };
		C47421681B0CB0E600C6E63A /* AppDelegate.swift */ = {isa = PBXFileReference; lastKnownFileType = sourcecode.swift; path = AppDelegate.swift; sourceTree = "<group>"; };
		C474216A1B0CB0E600C6E63A /* ViewController.swift */ = {isa = PBXFileReference; lastKnownFileType = sourcecode.swift; path = ViewController.swift; sourceTree = "<group>"; };
		C474216D1B0CB0E600C6E63A /* Base */ = {isa = PBXFileReference; lastKnownFileType = file.storyboard; name = Base; path = Base.lproj/Main.storyboard; sourceTree = "<group>"; };
		C474216F1B0CB0E600C6E63A /* Images.xcassets */ = {isa = PBXFileReference; lastKnownFileType = folder.assetcatalog; path = Images.xcassets; sourceTree = "<group>"; };
		C47421721B0CB0E600C6E63A /* Base */ = {isa = PBXFileReference; lastKnownFileType = file.xib; name = Base; path = Base.lproj/LaunchScreen.xib; sourceTree = "<group>"; };
		C47421781B0CB0E600C6E63A /* Child SafetyTests.xctest */ = {isa = PBXFileReference; explicitFileType = wrapper.cfbundle; includeInIndex = 0; path = "Child SafetyTests.xctest"; sourceTree = BUILT_PRODUCTS_DIR; };
		C474217D1B0CB0E600C6E63A /* Info.plist */ = {isa = PBXFileReference; lastKnownFileType = text.plist.xml; path = Info.plist; sourceTree = "<group>"; };
		C474217E1B0CB0E600C6E63A /* Child_SafetyTests.swift */ = {isa = PBXFileReference; lastKnownFileType = sourcecode.swift; path = Child_SafetyTests.swift; sourceTree = "<group>"; };
/* End PBXFileReference section */

/* Begin PBXFrameworksBuildPhase section */
		C47421601B0CB0E600C6E63A /* Frameworks */ = {
			isa = PBXFrameworksBuildPhase;
			buildActionMask = 2147483647;
			files = (
			);
			runOnlyForDeploymentPostprocessing = 0;
		};
		C47421751B0CB0E600C6E63A /* Frameworks */ = {
			isa = PBXFrameworksBuildPhase;
			buildActionMask = 2147483647;
			files = (
			);
			runOnlyForDeploymentPostprocessing = 0;
		};
/* End PBXFrameworksBuildPhase section */

/* Begin PBXGroup section */
		C474215A1B0CB0E600C6E63A = {
			isa = PBXGroup;
			children = (
				C47421651B0CB0E600C6E63A /* Child Safety */,
				C474217B1B0CB0E600C6E63A /* Child SafetyTests */,
				C47421641B0CB0E600C6E63A /* Products */,
			);
			sourceTree = "<group>";
		};
		C47421641B0CB0E600C6E63A /* Products */ = {
			isa = PBXGroup;
			children = (
				C47421631B0CB0E600C6E63A /* Child Safety.app */,
				C47421781B0CB0E600C6E63A /* Child SafetyTests.xctest */,
			);
			name = Products;
			sourceTree = "<group>";
		};
		C47421651B0CB0E600C6E63A /* Child Safety */ = {
			isa = PBXGroup;
			children = (
				C47421681B0CB0E600C6E63A /* AppDelegate.swift */,
				C474216A1B0CB0E600C6E63A /* ViewController.swift */,
				C474216C1B0CB0E600C6E63A /* Main.storyboard */,
				C474216F1B0CB0E600C6E63A /* Images.xcassets */,
				C47421711B0CB0E600C6E63A /* LaunchScreen.xib */,
				C47421661B0CB0E600C6E63A /* Supporting Files */,
			);
			path = "Child Safety";
			sourceTree = "<group>";
		};
		C47421661B0CB0E600C6E63A /* Supporting Files */ = {
			isa = PBXGroup;
			children = (
				C47421671B0CB0E600C6E63A /* Info.plist */,
			);
			name = "Supporting Files";
			sourceTree = "<group>";
		};
		C474217B1B0CB0E600C6E63A /* Child SafetyTests */ = {
			isa = PBXGroup;
			children = (
				C474217E1B0CB0E600C6E63A /* Child_SafetyTests.swift */,
				C474217C1B0CB0E600C6E63A /* Supporting Files */,
			);
			path = "Child SafetyTests";
			sourceTree = "<group>";
		};
		C474217C1B0CB0E600C6E63A /* Supporting Files */ = {
			isa = PBXGroup;
			children = (
				C474217D1B0CB0E600C6E63A /* Info.plist */,
			);
			name = "Supporting Files";
			sourceTree = "<group>";
		};
/* End PBXGroup section */

/* Begin PBXNativeTarget section */
		C47421621B0CB0E600C6E63A /* Child Safety */ = {
			isa = PBXNativeTarget;
			buildConfigurationList = C47421821B0CB0E600C6E63A /* Build configuration list for PBXNativeTarget "Child Safety" */;
			buildPhases = (
				C474215F1B0CB0E600C6E63A /* Sources */,
				C47421601B0CB0E600C6E63A /* Frameworks */,
				C47421611B0CB0E600C6E63A /* Resources */,
			);
			buildRules = (
			);
			dependencies = (
			);
			name = "Child Safety";
			productName = "Child Safety";
			productReference = C47421631B0CB0E600C6E63A /* Child Safety.app */;
			productType = "com.apple.product-type.application";
		};
		C47421771B0CB0E600C6E63A /* Child SafetyTests */ = {
			isa = PBXNativeTarget;
			buildConfigurationList = C47421851B0CB0E600C6E63A /* Build configuration list for PBXNativeTarget "Child SafetyTests" */;
			buildPhases = (
				C47421741B0CB0E600C6E63A /* Sources */,
				C47421751B0CB0E600C6E63A /* Frameworks */,
				C47421761B0CB0E600C6E63A /* Resources */,
			);
			buildRules = (
			);
			dependencies = (
				C474217A1B0CB0E600C6E63A /* PBXTargetDependency */,
			);
			name = "Child SafetyTests";
			productName = "Child SafetyTests";
			productReference = C47421781B0CB0E600C6E63A /* Child SafetyTests.xctest */;
			productType = "com.apple.product-type.bundle.unit-test";
		};
/* End PBXNativeTarget section */

/* Begin PBXProject section */
		C474215B1B0CB0E600C6E63A /* Project object */ = {
			isa = PBXProject;
			attributes = {
				LastUpgradeCheck = 0630;
				ORGANIZATIONNAME = "Amir & Geva";
				TargetAttributes = {
					C47421621B0CB0E600C6E63A = {
						CreatedOnToolsVersion = 6.3.1;
					};
					C47421771B0CB0E600C6E63A = {
						CreatedOnToolsVersion = 6.3.1;
						TestTargetID = C47421621B0CB0E600C6E63A;
					};
				};
			};
			buildConfigurationList = C474215E1B0CB0E600C6E63A /* Build configuration list for PBXProject "Child Safety" */;
			compatibilityVersion = "Xcode 3.2";
			developmentRegion = English;
			hasScannedForEncodings = 0;
			knownRegions = (
				en,
				Base,
			);
			mainGroup = C474215A1B0CB0E600C6E63A;
			productRefGroup = C47421641B0CB0E600C6E63A /* Products */;
			projectDirPath = "";
			projectRoot = "";
			targets = (
				C47421621B0CB0E600C6E63A /* Child Safety */,
				C47421771B0CB0E600C6E63A /* Child SafetyTests */,
			);
		};
/* End PBXProject section */

/* Begin PBXResourcesBuildPhase section */
		C47421611B0CB0E600C6E63A /* Resources */ = {
			isa = PBXResourcesBuildPhase;
			buildActionMask = 2147483647;
			files = (
				C474216E1B0CB0E600C6E63A /* Main.storyboard in Resources */,
				C47421731B0CB0E600C6E63A /* LaunchScreen.xib in Resources */,
				C47421701B0CB0E600C6E63A /* Images.xcassets in Resources */,
			);
			runOnlyForDeploymentPostprocessing = 0;
		};
		C47421761B0CB0E600C6E63A /* Resources */ = {
			isa = PBXResourcesBuildPhase;
			buildActionMask = 2147483647;
			files = (
			);
			runOnlyForDeploymentPostprocessing = 0;
		};
/* End PBXResourcesBuildPhase section */

/* Begin PBXSourcesBuildPhase section */
		C474215F1B0CB0E600C6E63A /* Sources */ = {
			isa = PBXSourcesBuildPhase;
			buildActionMask = 2147483647;
			files = (
				C474216B1B0CB0E600C6E63A /* ViewController.swift in Sources */,
				C47421691B0CB0E600C6E63A /* AppDelegate.swift in Sources */,
			);
			runOnlyForDeploymentPostprocessing = 0;
		};
		C47421741B0CB0E600C6E63A /* Sources */ = {
			isa = PBXSourcesBuildPhase;
			buildActionMask = 2147483647;
			files = (
				C474217F1B0CB0E600C6E63A /* Child_SafetyTests.swift in Sources */,
			);
			runOnlyForDeploymentPostprocessing = 0;
		};
/* End PBXSourcesBuildPhase section */

/* Begin PBXTargetDependency section */
		C474217A1B0CB0E600C6E63A /* PBXTargetDependency */ = {
			isa = PBXTargetDependency;
			target = C47421621B0CB0E600C6E63A /* Child Safety */;
			targetProxy = C47421791B0CB0E600C6E63A /* PBXContainerItemProxy */;
		};
/* End PBXTargetDependency section */

/* Begin PBXVariantGroup section */
		C474216C1B0CB0E600C6E63A /* Main.storyboard */ = {
			isa = PBXVariantGroup;
			children = (
				C474216D1B0CB0E600C6E63A /* Base */,
			);
			name = Main.storyboard;
			sourceTree = "<group>";
		};
		C47421711B0CB0E600C6E63A /* LaunchScreen.xib */ = {
			isa = PBXVariantGroup;
			children = (
				C47421721B0CB0E600C6E63A /* Base */,
			);
			name = LaunchScreen.xib;
			sourceTree = "<group>";
		};
/* End PBXVariantGroup section */

/* Begin XCBuildConfiguration section */
		C47421801B0CB0E600C6E63A /* Debug */ = {
			isa = XCBuildConfiguration;
			buildSettings = {
				ALWAYS_SEARCH_USER_PATHS = NO;
				CLANG_CXX_LANGUAGE_STANDARD = "gnu++0x";
				CLANG_CXX_LIBRARY = "libc++";
				CLANG_ENABLE_MODULES = YES;
				CLANG_ENABLE_OBJC_ARC = YES;
				CLANG_WARN_BOOL_CONVERSION = YES;
				CLANG_WARN_CONSTANT_CONVERSION = YES;
				CLANG_WARN_DIRECT_OBJC_ISA_USAGE = YES_ERROR;
				CLANG_WARN_EMPTY_BODY = YES;
				CLANG_WARN_ENUM_CONVERSION = YES;
				CLANG_WARN_INT_CONVERSION = YES;
				CLANG_WARN_OBJC_ROOT_CLASS = YES_ERROR;
				CLANG_WARN_UNREACHABLE_CODE = YES;
				CLANG_WARN__DUPLICATE_METHOD_MATCH = YES;
				"CODE_SIGN_IDENTITY[sdk=iphoneos*]" = "iPhone Developer";
				COPY_PHASE_STRIP = NO;
				DEBUG_INFORMATION_FORMAT = "dwarf-with-dsym";
				ENABLE_STRICT_OBJC_MSGSEND = YES;
				GCC_C_LANGUAGE_STANDARD = gnu99;
				GCC_DYNAMIC_NO_PIC = NO;
				GCC_NO_COMMON_BLOCKS = YES;
				GCC_OPTIMIZATION_LEVEL = 0;
				GCC_PREPROCESSOR_DEFINITIONS = (
					"DEBUG=1",
					"$(inherited)",
				);
				GCC_SYMBOLS_PRIVATE_EXTERN = NO;
				GCC_WARN_64_TO_32_BIT_CONVERSION = YES;
				GCC_WARN_ABOUT_RETURN_TYPE = YES_ERROR;
				GCC_WARN_UNDECLARED_SELECTOR = YES;
				GCC_WARN_UNINITIALIZED_AUTOS = YES_AGGRESSIVE;
				GCC_WARN_UNUSED_FUNCTION = YES;
				GCC_WARN_UNUSED_VARIABLE = YES;
				IPHONEOS_DEPLOYMENT_TARGET = 8.3;
				MTL_ENABLE_DEBUG_INFO = YES;
				ONLY_ACTIVE_ARCH = YES;
				SDKROOT = iphoneos;
				SWIFT_OPTIMIZATION_LEVEL = "-Onone";
				TARGETED_DEVICE_FAMILY = "1,2";
			};
			name = Debug;
		};
		C47421811B0CB0E600C6E63A /* Release */ = {
			isa = XCBuildConfiguration;
			buildSettings = {
				ALWAYS_SEARCH_USER_PATHS = NO;
				CLANG_CXX_LANGUAGE_STANDARD = "gnu++0x";
				CLANG_CXX_LIBRARY = "libc++";
				CLANG_ENABLE_MODULES = YES;
				CLANG_ENABLE_OBJC_ARC = YES;
				CLANG_WARN_BOOL_CONVERSION = YES;
				CLANG_WARN_CONSTANT_CONVERSION = YES;
				CLANG_WARN_DIRECT_OBJC_ISA_USAGE = YES_ERROR;
				CLANG_WARN_EMPTY_BODY = YES;
				CLANG_WARN_ENUM_CONVERSION = YES;
				CLANG_WARN_INT_CONVERSION = YES;
				CLANG_WARN_OBJC_ROOT_CLASS = YES_ERROR;
				CLANG_WARN_UNREACHABLE_CODE = YES;
				CLANG_WARN__DUPLICATE_METHOD_MATCH = YES;
				"CODE_SIGN_IDENTITY[sdk=iphoneos*]" = "iPhone Developer";
				COPY_PHASE_STRIP = NO;
				DEBUG_INFORMATION_FORMAT = "dwarf-with-dsym";
				ENABLE_NS_ASSERTIONS = NO;
				ENABLE_STRICT_OBJC_MSGSEND = YES;
				GCC_C_LANGUAGE_STANDARD = gnu99;
				GCC_NO_COMMON_BLOCKS = YES;
				GCC_WARN_64_TO_32_BIT_CONVERSION = YES;
				GCC_WARN_ABOUT_RETURN_TYPE = YES_ERROR;
				GCC_WARN_UNDECLARED_SELECTOR = YES;
				GCC_WARN_UNINITIALIZED_AUTOS = YES_AGGRESSIVE;
				GCC_WARN_UNUSED_FUNCTION = YES;
				GCC_WARN_UNUSED_VARIABLE = YES;
				IPHONEOS_DEPLOYMENT_TARGET = 8.3;
				MTL_ENABLE_DEBUG_INFO = NO;
				SDKROOT = iphoneos;
				TARGETED_DEVICE_FAMILY = "1,2";
				VALIDATE_PRODUCT = YES;
			};
			name = Release;
		};
		C47421831B0CB0E600C6E63A /* Debug */ = {
			isa = XCBuildConfiguration;
			buildSettings = {
				ASSETCATALOG_COMPILER_APPICON_NAME = AppIcon;
				INFOPLIST_FILE = "Child Safety/Info.plist";
				LD_RUNPATH_SEARCH_PATHS = "$(inherited) @executable_path/Frameworks";
				PRODUCT_NAME = "$(TARGET_NAME)";
			};
			name = Debug;
		};
		C47421841B0CB0E600C6E63A /* Release */ = {
			isa = XCBuildConfiguration;
			buildSettings = {
				ASSETCATALOG_COMPILER_APPICON_NAME = AppIcon;
				INFOPLIST_FILE = "Child Safety/Info.plist";
				LD_RUNPATH_SEARCH_PATHS = "$(inherited) @executable_path/Frameworks";
				PRODUCT_NAME = "$(TARGET_NAME)";
			};
			name = Release;
		};
		C47421861B0CB0E600C6E63A /* Debug */ = {
			isa = XCBuildConfiguration;
			buildSettings = {
				BUNDLE_LOADER = "$(TEST_HOST)";
				FRAMEWORK_SEARCH_PATHS = (
					"$(SDKROOT)/Developer/Library/Frameworks",
					"$(inherited)",
				);
				GCC_PREPROCESSOR_DEFINITIONS = (
					"DEBUG=1",
					"$(inherited)",
				);
				INFOPLIST_FILE = "Child SafetyTests/Info.plist";
				LD_RUNPATH_SEARCH_PATHS = "$(inherited) @executable_path/Frameworks @loader_path/Frameworks";
				PRODUCT_NAME = "$(TARGET_NAME)";
				TEST_HOST = "$(BUILT_PRODUCTS_DIR)/Child Safety.app/Child Safety";
			};
			name = Debug;
		};
		C47421871B0CB0E600C6E63A /* Release */ = {
			isa = XCBuildConfiguration;
			buildSettings = {
				BUNDLE_LOADER = "$(TEST_HOST)";
				FRAMEWORK_SEARCH_PATHS = (
					"$(SDKROOT)/Developer/Library/Frameworks",
					"$(inherited)",
				);
				INFOPLIST_FILE = "Child SafetyTests/Info.plist";
				LD_RUNPATH_SEARCH_PATHS = "$(inherited) @executable_path/Frameworks @loader_path/Frameworks";
				PRODUCT_NAME = "$(TARGET_NAME)";
				TEST_HOST = "$(BUILT_PRODUCTS_DIR)/Child Safety.app/Child Safety";
			};
			name = Release;
		};
/* End XCBuildConfiguration section */

/* Begin XCConfigurationList section */
		C474215E1B0CB0E600C6E63A /* Build configuration list for PBXProject "Child Safety" */ = {
			isa = XCConfigurationList;
			buildConfigurations = (
				C47421801B0CB0E600C6E63A /* Debug */,
				C47421811B0CB0E600C6E63A /* Release */,
			);
			defaultConfigurationIsVisible = 0;
			defaultConfigurationName = Release;
		};
		C47421821B0CB0E600C6E63A /* Build configuration list for PBXNativeTarget "Child Safety" */ = {
			isa = XCConfigurationList;
			buildConfigurations = (
				C47421831B0CB0E600C6E63A /* Debug */,
				C47421841B0CB0E600C6E63A /* Release */,
			);
			defaultConfigurationIsVisible = 0;
		};
		C47421851B0CB0E600C6E63A /* Build configuration list for PBXNativeTarget "Child SafetyTests" */ = {
			isa = XCConfigurationList;
			buildConfigurations = (
				C47421861B0CB0E600C6E63A /* Debug */,
				C47421871B0CB0E600C6E63A /* Release */,
			);
			defaultConfigurationIsVisible = 0;
		};
/* End XCConfigurationList section */
	};
	rootObject = C474215B1B0CB0E600C6E63A /* Project object */;
}
